
Microsoft Visual Studio Solution File, Format Version 12.00
# Visual Studio Version 16
VisualStudioVersion = 16.0.30907.101
MinimumVisualStudioVersion = 10.0.40219.1
Project("{FAE04EC0-301F-11D3-BF4B-00C04F79EFBC}") = "lab02 Nesterov Danila 02VTd4110", "lab02 Nesterov Danila 02VTd4110\lab02 Nesterov Danila 02VTd4110.csproj", "{5AE45718-A2EC-48F8-8888-0A8173C875EC}"
EndProject
Global
	GlobalSection(SolutionConfigurationPlatforms) = preSolution
		Debug|Any CPU = Debug|Any CPU
		Release|Any CPU = Release|Any CPU
	EndGlobalSection
	GlobalSection(ProjectConfigurationPlatforms) = postSolution
		{5AE45718-A2EC-48F8-8888-0A8173C875EC}.Debug|Any CPU.ActiveCfg = Debug|Any CPU
		{5AE45718-A2EC-48F8-8888-0A8173C875EC}.Debug|Any CPU.Build.0 = Debug|Any CPU
		{5AE45718-A2EC-48F8-8888-0A8173C875EC}.Release|Any CPU.ActiveCfg = Release|Any CPU
		{5AE45718-A2EC-48F8-8888-0A8173C875EC}.Release|Any CPU.Build.0 = Release|Any CPU
	EndGlobalSection
	GlobalSection(SolutionProperties) = preSolution
		HideSolutionNode = FALSE
	EndGlobalSection
	GlobalSection(ExtensibilityGlobals) = postSolution
		SolutionGuid = {250E0535-D88D-4319-9714-1A6CABB731D4}
	EndGlobalSection
EndGlobal
